
Microsoft Visual Studio Solution File, Format Version 12.00
# Visual Studio Version 16
VisualStudioVersion = 16.0.30804.86
MinimumVisualStudioVersion = 10.0.40219.1
Project("{FAE04EC0-301F-11D3-BF4B-00C04F79EFBC}") = "exercicio2", "exercicio2\exercicio2.csproj", "{733FE5D3-00E2-4182-B5EF-0D6605A3A140}"
EndProject
Global
	GlobalSection(SolutionConfigurationPlatforms) = preSolution
		Debug|Any CPU = Debug|Any CPU
		Release|Any CPU = Release|Any CPU
	EndGlobalSection
	GlobalSection(ProjectConfigurationPlatforms) = postSolution
		{733FE5D3-00E2-4182-B5EF-0D6605A3A140}.Debug|Any CPU.ActiveCfg = Debug|Any CPU
		{733FE5D3-00E2-4182-B5EF-0D6605A3A140}.Debug|Any CPU.Build.0 = Debug|Any CPU
		{733FE5D3-00E2-4182-B5EF-0D6605A3A140}.Release|Any CPU.ActiveCfg = Release|Any CPU
		{733FE5D3-00E2-4182-B5EF-0D6605A3A140}.Release|Any CPU.Build.0 = Release|Any CPU
	EndGlobalSection
	GlobalSection(SolutionProperties) = preSolution
		HideSolutionNode = FALSE
	EndGlobalSection
	GlobalSection(ExtensibilityGlobals) = postSolution
		SolutionGuid = {98D981B3-8C5A-4109-9963-73A2BFE8646E}
	EndGlobalSection
EndGlobal
